
Microsoft Visual Studio Solution File, Format Version 12.00
# Visual Studio Version 16
VisualStudioVersion = 16.0.30011.22
MinimumVisualStudioVersion = 10.0.40219.1
Project("{FAE04EC0-301F-11D3-BF4B-00C04F79EFBC}") = "ShoeStore", "ShoeStore\ShoeStore.csproj", "{50BEF7C6-D6E2-4E28-889B-61733753F541}"
EndProject
Global
	GlobalSection(SolutionConfigurationPlatforms) = preSolution
		Debug|Any CPU = Debug|Any CPU
		Release|Any CPU = Release|Any CPU
	EndGlobalSection
	GlobalSection(ProjectConfigurationPlatforms) = postSolution
		{50BEF7C6-D6E2-4E28-889B-61733753F541}.Debug|Any CPU.ActiveCfg = Debug|Any CPU
		{50BEF7C6-D6E2-4E28-889B-61733753F541}.Debug|Any CPU.Build.0 = Debug|Any CPU
		{50BEF7C6-D6E2-4E28-889B-61733753F541}.Release|Any CPU.ActiveCfg = Release|Any CPU
		{50BEF7C6-D6E2-4E28-889B-61733753F541}.Release|Any CPU.Build.0 = Release|Any CPU
	EndGlobalSection
	GlobalSection(SolutionProperties) = preSolution
		HideSolutionNode = FALSE
	EndGlobalSection
	GlobalSection(ExtensibilityGlobals) = postSolution
		SolutionGuid = {723B5206-3384-41F0-B0B1-9E2CC37D31C3}
	EndGlobalSection
EndGlobal
